// !$*UTF8*$!
{
	archiveVersion = 1;
	classes = {
	};
	objectVersion = 46;
	objects = {

/* Begin PBXBuildFile section */
		596CBFE61841E20A7B5A123A /* Pods_sosialapp.framework in Frameworks */ = {isa = PBXBuildFile; fileRef = 32E25F7475CB26405169222F /* Pods_sosialapp.framework */; };
		8F5FE68B1D7494E700DE94B3 /* AppDelegate.swift in Sources */ = {isa = PBXBuildFile; fileRef = 8F5FE68A1D7494E700DE94B3 /* AppDelegate.swift */; };
		8F5FE6921D7494E700DE94B3 /* Main.storyboard in Resources */ = {isa = PBXBuildFile; fileRef = 8F5FE6901D7494E700DE94B3 /* Main.storyboard */; };
		8F5FE6941D7494E700DE94B3 /* Assets.xcassets in Resources */ = {isa = PBXBuildFile; fileRef = 8F5FE6931D7494E700DE94B3 /* Assets.xcassets */; };
		8F5FE6971D7494E700DE94B3 /* LaunchScreen.storyboard in Resources */ = {isa = PBXBuildFile; fileRef = 8F5FE6951D7494E700DE94B3 /* LaunchScreen.storyboard */; };
		8F5FE6A01D7496EB00DE94B3 /* Events.storyboard in Resources */ = {isa = PBXBuildFile; fileRef = 8F5FE69E1D7496EB00DE94B3 /* Events.storyboard */; };
		8F5FE6A31D74971000DE94B3 /* Groups.storyboard in Resources */ = {isa = PBXBuildFile; fileRef = 8F5FE6A11D74971000DE94B3 /* Groups.storyboard */; };
		8F5FE6A61D74972B00DE94B3 /* Profile.storyboard in Resources */ = {isa = PBXBuildFile; fileRef = 8F5FE6A41D74972B00DE94B3 /* Profile.storyboard */; };
		8F5FE6AA1D749AEA00DE94B3 /* ProfileViewController.swift in Sources */ = {isa = PBXBuildFile; fileRef = 8F5FE6A91D749AEA00DE94B3 /* ProfileViewController.swift */; };
		8F5FE6AC1D749B0000DE94B3 /* GroupsTableViewController.swift in Sources */ = {isa = PBXBuildFile; fileRef = 8F5FE6AB1D749B0000DE94B3 /* GroupsTableViewController.swift */; };
		8F5FE6AE1D749B3E00DE94B3 /* EventsTableViewController.swift in Sources */ = {isa = PBXBuildFile; fileRef = 8F5FE6AD1D749B3E00DE94B3 /* EventsTableViewController.swift */; };
		8FD16A801D88487D00288C59 /* GoogleService-Info.plist in Resources */ = {isa = PBXBuildFile; fileRef = 8FD16A7F1D88487D00288C59 /* GoogleService-Info.plist */; };
/* End PBXBuildFile section */

/* Begin PBXFileReference section */
		32E25F7475CB26405169222F /* Pods_sosialapp.framework */ = {isa = PBXFileReference; explicitFileType = wrapper.framework; includeInIndex = 0; path = Pods_sosialapp.framework; sourceTree = BUILT_PRODUCTS_DIR; };
		8F5FE6871D7494E700DE94B3 /* sosialapp.app */ = {isa = PBXFileReference; explicitFileType = wrapper.application; includeInIndex = 0; path = sosialapp.app; sourceTree = BUILT_PRODUCTS_DIR; };
		8F5FE68A1D7494E700DE94B3 /* AppDelegate.swift */ = {isa = PBXFileReference; lastKnownFileType = sourcecode.swift; path = AppDelegate.swift; sourceTree = "<group>"; };
		8F5FE6911D7494E700DE94B3 /* Base */ = {isa = PBXFileReference; lastKnownFileType = file.storyboard; name = Base; path = Base.lproj/Main.storyboard; sourceTree = "<group>"; };
		8F5FE6931D7494E700DE94B3 /* Assets.xcassets */ = {isa = PBXFileReference; lastKnownFileType = folder.assetcatalog; path = Assets.xcassets; sourceTree = "<group>"; };
		8F5FE6961D7494E700DE94B3 /* Base */ = {isa = PBXFileReference; lastKnownFileType = file.storyboard; name = Base; path = Base.lproj/LaunchScreen.storyboard; sourceTree = "<group>"; };
		8F5FE6981D7494E700DE94B3 /* Info.plist */ = {isa = PBXFileReference; lastKnownFileType = text.plist.xml; path = Info.plist; sourceTree = "<group>"; };
		8F5FE69F1D7496EB00DE94B3 /* Base */ = {isa = PBXFileReference; lastKnownFileType = file.storyboard; name = Base; path = Base.lproj/Events.storyboard; sourceTree = "<group>"; };
		8F5FE6A21D74971000DE94B3 /* Base */ = {isa = PBXFileReference; lastKnownFileType = file.storyboard; name = Base; path = Base.lproj/Groups.storyboard; sourceTree = "<group>"; };
		8F5FE6A51D74972B00DE94B3 /* Base */ = {isa = PBXFileReference; lastKnownFileType = file.storyboard; name = Base; path = Base.lproj/Profile.storyboard; sourceTree = "<group>"; };
		8F5FE6A91D749AEA00DE94B3 /* ProfileViewController.swift */ = {isa = PBXFileReference; fileEncoding = 4; lastKnownFileType = sourcecode.swift; path = ProfileViewController.swift; sourceTree = "<group>"; };
		8F5FE6AB1D749B0000DE94B3 /* GroupsTableViewController.swift */ = {isa = PBXFileReference; fileEncoding = 4; lastKnownFileType = sourcecode.swift; name = GroupsTableViewController.swift; path = ../GroupsTableViewController.swift; sourceTree = "<group>"; };
		8F5FE6AD1D749B3E00DE94B3 /* EventsTableViewController.swift */ = {isa = PBXFileReference; fileEncoding = 4; lastKnownFileType = sourcecode.swift; path = EventsTableViewController.swift; sourceTree = "<group>"; };
		8FD16A7F1D88487D00288C59 /* GoogleService-Info.plist */ = {isa = PBXFileReference; fileEncoding = 4; lastKnownFileType = text.plist.xml; path = "GoogleService-Info.plist"; sourceTree = "<group>"; };
		A1C6C40BAFACB884599663E1 /* Pods-sosialapp.debug.xcconfig */ = {isa = PBXFileReference; includeInIndex = 1; lastKnownFileType = text.xcconfig; name = "Pods-sosialapp.debug.xcconfig"; path = "Pods/Target Support Files/Pods-sosialapp/Pods-sosialapp.debug.xcconfig"; sourceTree = "<group>"; };
		C2B4344190480CB5282CAC95 /* Pods-sosialapp.release.xcconfig */ = {isa = PBXFileReference; includeInIndex = 1; lastKnownFileType = text.xcconfig; name = "Pods-sosialapp.release.xcconfig"; path = "Pods/Target Support Files/Pods-sosialapp/Pods-sosialapp.release.xcconfig"; sourceTree = "<group>"; };
/* End PBXFileReference section */

/* Begin PBXFrameworksBuildPhase section */
		8F5FE6841D7494E700DE94B3 /* Frameworks */ = {
			isa = PBXFrameworksBuildPhase;
			buildActionMask = 2147483647;
			files = (
				596CBFE61841E20A7B5A123A /* Pods_sosialapp.framework in Frameworks */,
			);
			runOnlyForDeploymentPostprocessing = 0;
		};
/* End PBXFrameworksBuildPhase section */

/* Begin PBXGroup section */
		5C17C99C9AE9616EF68E262B /* Frameworks */ = {
			isa = PBXGroup;
			children = (
				32E25F7475CB26405169222F /* Pods_sosialapp.framework */,
			);
			name = Frameworks;
			sourceTree = "<group>";
		};
		8F5FE67E1D7494E700DE94B3 = {
			isa = PBXGroup;
			children = (
				8F5FE6891D7494E700DE94B3 /* sosialapp */,
				8F5FE6881D7494E700DE94B3 /* Products */,
				9C5C8EEF975D0D0C062DAD98 /* Pods */,
				5C17C99C9AE9616EF68E262B /* Frameworks */,
			);
			sourceTree = "<group>";
		};
		8F5FE6881D7494E700DE94B3 /* Products */ = {
			isa = PBXGroup;
			children = (
				8F5FE6871D7494E700DE94B3 /* sosialapp.app */,
			);
			name = Products;
			sourceTree = "<group>";
		};
		8F5FE6891D7494E700DE94B3 /* sosialapp */ = {
			isa = PBXGroup;
			children = (
				8F5FE68A1D7494E700DE94B3 /* AppDelegate.swift */,
				8F5FE69E1D7496EB00DE94B3 /* Events.storyboard */,
				8F5FE6A11D74971000DE94B3 /* Groups.storyboard */,
				8F5FE6901D7494E700DE94B3 /* Main.storyboard */,
				8F5FE6A41D74972B00DE94B3 /* Profile.storyboard */,
				8F5FE6AD1D749B3E00DE94B3 /* EventsTableViewController.swift */,
				8F5FE6AB1D749B0000DE94B3 /* GroupsTableViewController.swift */,
				8F5FE6A91D749AEA00DE94B3 /* ProfileViewController.swift */,
				8F5FE6931D7494E700DE94B3 /* Assets.xcassets */,
				8F5FE6951D7494E700DE94B3 /* LaunchScreen.storyboard */,
				8F5FE6981D7494E700DE94B3 /* Info.plist */,
				8FD16A7F1D88487D00288C59 /* GoogleService-Info.plist */,
			);
			path = sosialapp;
			sourceTree = "<group>";
		};
		9C5C8EEF975D0D0C062DAD98 /* Pods */ = {
			isa = PBXGroup;
			children = (
				A1C6C40BAFACB884599663E1 /* Pods-sosialapp.debug.xcconfig */,
				C2B4344190480CB5282CAC95 /* Pods-sosialapp.release.xcconfig */,
			);
			name = Pods;
			sourceTree = "<group>";
		};
/* End PBXGroup section */

/* Begin PBXNativeTarget section */
		8F5FE6861D7494E700DE94B3 /* sosialapp */ = {
			isa = PBXNativeTarget;
			buildConfigurationList = 8F5FE69B1D7494E700DE94B3 /* Build configuration list for PBXNativeTarget "sosialapp" */;
			buildPhases = (
				B8BB938BB0035E75FF54637B /* [CP] Check Pods Manifest.lock */,
				8F5FE6831D7494E700DE94B3 /* Sources */,
				8F5FE6841D7494E700DE94B3 /* Frameworks */,
				8F5FE6851D7494E700DE94B3 /* Resources */,
				5F5B2723A1E3B1F707937EC6 /* [CP] Embed Pods Frameworks */,
				6A758ECB178B8F3828FEDA54 /* [CP] Copy Pods Resources */,
			);
			buildRules = (
			);
			dependencies = (
			);
			name = sosialapp;
			productName = sosialapp;
			productReference = 8F5FE6871D7494E700DE94B3 /* sosialapp.app */;
			productType = "com.apple.product-type.application";
		};
/* End PBXNativeTarget section */

/* Begin PBXProject section */
		8F5FE67F1D7494E700DE94B3 /* Project object */ = {
			isa = PBXProject;
			attributes = {
				LastSwiftUpdateCheck = 0720;
				LastUpgradeCheck = 0720;
				ORGANIZATIONNAME = Mesan;
				TargetAttributes = {
					8F5FE6861D7494E700DE94B3 = {
						CreatedOnToolsVersion = 7.2.1;
					};
				};
			};
			buildConfigurationList = 8F5FE6821D7494E700DE94B3 /* Build configuration list for PBXProject "sosialapp" */;
			compatibilityVersion = "Xcode 3.2";
			developmentRegion = English;
			hasScannedForEncodings = 0;
			knownRegions = (
				en,
				Base,
			);
			mainGroup = 8F5FE67E1D7494E700DE94B3;
			productRefGroup = 8F5FE6881D7494E700DE94B3 /* Products */;
			projectDirPath = "";
			projectRoot = "";
			targets = (
				8F5FE6861D7494E700DE94B3 /* sosialapp */,
			);
		};
/* End PBXProject section */

/* Begin PBXResourcesBuildPhase section */
		8F5FE6851D7494E700DE94B3 /* Resources */ = {
			isa = PBXResourcesBuildPhase;
			buildActionMask = 2147483647;
			files = (
				8F5FE6A61D74972B00DE94B3 /* Profile.storyboard in Resources */,
				8F5FE6A31D74971000DE94B3 /* Groups.storyboard in Resources */,
				8F5FE6971D7494E700DE94B3 /* LaunchScreen.storyboard in Resources */,
				8F5FE6A01D7496EB00DE94B3 /* Events.storyboard in Resources */,
				8F5FE6941D7494E700DE94B3 /* Assets.xcassets in Resources */,
				8F5FE6921D7494E700DE94B3 /* Main.storyboard in Resources */,
				8FD16A801D88487D00288C59 /* GoogleService-Info.plist in Resources */,
			);
			runOnlyForDeploymentPostprocessing = 0;
		};
/* End PBXResourcesBuildPhase section */

/* Begin PBXShellScriptBuildPhase section */
		5F5B2723A1E3B1F707937EC6 /* [CP] Embed Pods Frameworks */ = {
			isa = PBXShellScriptBuildPhase;
			buildActionMask = 2147483647;
			files = (
			);
			inputPaths = (
			);
			name = "[CP] Embed Pods Frameworks";
			outputPaths = (
			);
			runOnlyForDeploymentPostprocessing = 0;
			shellPath = /bin/sh;
			shellScript = "\"${SRCROOT}/Pods/Target Support Files/Pods-sosialapp/Pods-sosialapp-frameworks.sh\"\n";
			showEnvVarsInLog = 0;
		};
		6A758ECB178B8F3828FEDA54 /* [CP] Copy Pods Resources */ = {
			isa = PBXShellScriptBuildPhase;
			buildActionMask = 2147483647;
			files = (
			);
			inputPaths = (
			);
			name = "[CP] Copy Pods Resources";
			outputPaths = (
			);
			runOnlyForDeploymentPostprocessing = 0;
			shellPath = /bin/sh;
			shellScript = "\"${SRCROOT}/Pods/Target Support Files/Pods-sosialapp/Pods-sosialapp-resources.sh\"\n";
			showEnvVarsInLog = 0;
		};
		B8BB938BB0035E75FF54637B /* [CP] Check Pods Manifest.lock */ = {
			isa = PBXShellScriptBuildPhase;
			buildActionMask = 2147483647;
			files = (
			);
			inputPaths = (
			);
			name = "[CP] Check Pods Manifest.lock";
			outputPaths = (
			);
			runOnlyForDeploymentPostprocessing = 0;
			shellPath = /bin/sh;
			shellScript = "diff \"${PODS_ROOT}/../Podfile.lock\" \"${PODS_ROOT}/Manifest.lock\" > /dev/null\nif [[ $? != 0 ]] ; then\n    cat << EOM\nerror: The sandbox is not in sync with the Podfile.lock. Run 'pod install' or update your CocoaPods installation.\nEOM\n    exit 1\nfi\n";
			showEnvVarsInLog = 0;
		};
/* End PBXShellScriptBuildPhase section */

/* Begin PBXSourcesBuildPhase section */
		8F5FE6831D7494E700DE94B3 /* Sources */ = {
			isa = PBXSourcesBuildPhase;
			buildActionMask = 2147483647;
			files = (
				8F5FE6AA1D749AEA00DE94B3 /* ProfileViewController.swift in Sources */,
				8F5FE68B1D7494E700DE94B3 /* AppDelegate.swift in Sources */,
				8F5FE6AE1D749B3E00DE94B3 /* EventsTableViewController.swift in Sources */,
				8F5FE6AC1D749B0000DE94B3 /* GroupsTableViewController.swift in Sources */,
			);
			runOnlyForDeploymentPostprocessing = 0;
		};
/* End PBXSourcesBuildPhase section */

/* Begin PBXVariantGroup section */
		8F5FE6901D7494E700DE94B3 /* Main.storyboard */ = {
			isa = PBXVariantGroup;
			children = (
				8F5FE6911D7494E700DE94B3 /* Base */,
			);
			name = Main.storyboard;
			sourceTree = "<group>";
		};
		8F5FE6951D7494E700DE94B3 /* LaunchScreen.storyboard */ = {
			isa = PBXVariantGroup;
			children = (
				8F5FE6961D7494E700DE94B3 /* Base */,
			);
			name = LaunchScreen.storyboard;
			sourceTree = "<group>";
		};
		8F5FE69E1D7496EB00DE94B3 /* Events.storyboard */ = {
			isa = PBXVariantGroup;
			children = (
				8F5FE69F1D7496EB00DE94B3 /* Base */,
			);
			name = Events.storyboard;
			sourceTree = "<group>";
		};
		8F5FE6A11D74971000DE94B3 /* Groups.storyboard */ = {
			isa = PBXVariantGroup;
			children = (
				8F5FE6A21D74971000DE94B3 /* Base */,
			);
			name = Groups.storyboard;
			sourceTree = "<group>";
		};
		8F5FE6A41D74972B00DE94B3 /* Profile.storyboard */ = {
			isa = PBXVariantGroup;
			children = (
				8F5FE6A51D74972B00DE94B3 /* Base */,
			);
			name = Profile.storyboard;
			sourceTree = "<group>";
		};
/* End PBXVariantGroup section */

/* Begin XCBuildConfiguration section */
		8F5FE6991D7494E700DE94B3 /* Debug */ = {
			isa = XCBuildConfiguration;
			buildSettings = {
				ALWAYS_SEARCH_USER_PATHS = NO;
				CLANG_CXX_LANGUAGE_STANDARD = "gnu++0x";
				CLANG_CXX_LIBRARY = "libc++";
				CLANG_ENABLE_MODULES = YES;
				CLANG_ENABLE_OBJC_ARC = YES;
				CLANG_WARN_BOOL_CONVERSION = YES;
				CLANG_WARN_CONSTANT_CONVERSION = YES;
				CLANG_WARN_DIRECT_OBJC_ISA_USAGE = YES_ERROR;
				CLANG_WARN_EMPTY_BODY = YES;
				CLANG_WARN_ENUM_CONVERSION = YES;
				CLANG_WARN_INT_CONVERSION = YES;
				CLANG_WARN_OBJC_ROOT_CLASS = YES_ERROR;
				CLANG_WARN_UNREACHABLE_CODE = YES;
				CLANG_WARN__DUPLICATE_METHOD_MATCH = YES;
				"CODE_SIGN_IDENTITY[sdk=iphoneos*]" = "iPhone Developer";
				COPY_PHASE_STRIP = NO;
				DEBUG_INFORMATION_FORMAT = dwarf;
				ENABLE_STRICT_OBJC_MSGSEND = YES;
				ENABLE_TESTABILITY = YES;
				GCC_C_LANGUAGE_STANDARD = gnu99;
				GCC_DYNAMIC_NO_PIC = NO;
				GCC_NO_COMMON_BLOCKS = YES;
				GCC_OPTIMIZATION_LEVEL = 0;
				GCC_PREPROCESSOR_DEFINITIONS = (
					"DEBUG=1",
					"$(inherited)",
				);
				GCC_WARN_64_TO_32_BIT_CONVERSION = YES;
				GCC_WARN_ABOUT_RETURN_TYPE = YES_ERROR;
				GCC_WARN_UNDECLARED_SELECTOR = YES;
				GCC_WARN_UNINITIALIZED_AUTOS = YES_AGGRESSIVE;
				GCC_WARN_UNUSED_FUNCTION = YES;
				GCC_WARN_UNUSED_VARIABLE = YES;
				IPHONEOS_DEPLOYMENT_TARGET = 9.2;
				MTL_ENABLE_DEBUG_INFO = YES;
				ONLY_ACTIVE_ARCH = YES;
				SDKROOT = iphoneos;
				SWIFT_OPTIMIZATION_LEVEL = "-Onone";
				TARGETED_DEVICE_FAMILY = "1,2";
			};
			name = Debug;
		};
		8F5FE69A1D7494E700DE94B3 /* Release */ = {
			isa = XCBuildConfiguration;
			buildSettings = {
				ALWAYS_SEARCH_USER_PATHS = NO;
				CLANG_CXX_LANGUAGE_STANDARD = "gnu++0x";
				CLANG_CXX_LIBRARY = "libc++";
				CLANG_ENABLE_MODULES = YES;
				CLANG_ENABLE_OBJC_ARC = YES;
				CLANG_WARN_BOOL_CONVERSION = YES;
				CLANG_WARN_CONSTANT_CONVERSION = YES;
				CLANG_WARN_DIRECT_OBJC_ISA_USAGE = YES_ERROR;
				CLANG_WARN_EMPTY_BODY = YES;
				CLANG_WARN_ENUM_CONVERSION = YES;
				CLANG_WARN_INT_CONVERSION = YES;
				CLANG_WARN_OBJC_ROOT_CLASS = YES_ERROR;
				CLANG_WARN_UNREACHABLE_CODE = YES;
				CLANG_WARN__DUPLICATE_METHOD_MATCH = YES;
				"CODE_SIGN_IDENTITY[sdk=iphoneos*]" = "iPhone Developer";
				COPY_PHASE_STRIP = NO;
				DEBUG_INFORMATION_FORMAT = "dwarf-with-dsym";
				ENABLE_NS_ASSERTIONS = NO;
				ENABLE_STRICT_OBJC_MSGSEND = YES;
				GCC_C_LANGUAGE_STANDARD = gnu99;
				GCC_NO_COMMON_BLOCKS = YES;
				GCC_WARN_64_TO_32_BIT_CONVERSION = YES;
				GCC_WARN_ABOUT_RETURN_TYPE = YES_ERROR;
				GCC_WARN_UNDECLARED_SELECTOR = YES;
				GCC_WARN_UNINITIALIZED_AUTOS = YES_AGGRESSIVE;
				GCC_WARN_UNUSED_FUNCTION = YES;
				GCC_WARN_UNUSED_VARIABLE = YES;
				IPHONEOS_DEPLOYMENT_TARGET = 9.2;
				MTL_ENABLE_DEBUG_INFO = NO;
				SDKROOT = iphoneos;
				TARGETED_DEVICE_FAMILY = "1,2";
				VALIDATE_PRODUCT = YES;
			};
			name = Release;
		};
		8F5FE69C1D7494E700DE94B3 /* Debug */ = {
			isa = XCBuildConfiguration;
			baseConfigurationReference = A1C6C40BAFACB884599663E1 /* Pods-sosialapp.debug.xcconfig */;
			buildSettings = {
				ASSETCATALOG_COMPILER_APPICON_NAME = AppIcon;
				INFOPLIST_FILE = sosialapp/Info.plist;
				LD_RUNPATH_SEARCH_PATHS = "$(inherited) @executable_path/Frameworks";
				PRODUCT_BUNDLE_IDENTIFIER = no.mesan.sosialapp;
				PRODUCT_NAME = "$(TARGET_NAME)";
			};
			name = Debug;
		};
		8F5FE69D1D7494E700DE94B3 /* Release */ = {
			isa = XCBuildConfiguration;
			baseConfigurationReference = C2B4344190480CB5282CAC95 /* Pods-sosialapp.release.xcconfig */;
			buildSettings = {
				ASSETCATALOG_COMPILER_APPICON_NAME = AppIcon;
				INFOPLIST_FILE = sosialapp/Info.plist;
				LD_RUNPATH_SEARCH_PATHS = "$(inherited) @executable_path/Frameworks";
				PRODUCT_BUNDLE_IDENTIFIER = no.mesan.sosialapp;
				PRODUCT_NAME = "$(TARGET_NAME)";
			};
			name = Release;
		};
/* End XCBuildConfiguration section */

/* Begin XCConfigurationList section */
		8F5FE6821D7494E700DE94B3 /* Build configuration list for PBXProject "sosialapp" */ = {
			isa = XCConfigurationList;
			buildConfigurations = (
				8F5FE6991D7494E700DE94B3 /* Debug */,
				8F5FE69A1D7494E700DE94B3 /* Release */,
			);
			defaultConfigurationIsVisible = 0;
			defaultConfigurationName = Release;
		};
		8F5FE69B1D7494E700DE94B3 /* Build configuration list for PBXNativeTarget "sosialapp" */ = {
			isa = XCConfigurationList;
			buildConfigurations = (
				8F5FE69C1D7494E700DE94B3 /* Debug */,
				8F5FE69D1D7494E700DE94B3 /* Release */,
			);
			defaultConfigurationIsVisible = 0;
			defaultConfigurationName = Release;
		};
/* End XCConfigurationList section */
	};
	rootObject = 8F5FE67F1D7494E700DE94B3 /* Project object */;
}
